
Microsoft Visual Studio Solution File, Format Version 12.00
# Visual Studio Version 16
VisualStudioVersion = 16.0.29806.167
MinimumVisualStudioVersion = 10.0.40219.1
Project("{FAE04EC0-301F-11D3-BF4B-00C04F79EFBC}") = "Leave-Management", "Leave-Management\Leave-Management.csproj", "{4A065407-887E-47FE-8907-F527684FC217}"
EndProject
Global
	GlobalSection(SolutionConfigurationPlatforms) = preSolution
		Debug|Any CPU = Debug|Any CPU
		Release|Any CPU = Release|Any CPU
	EndGlobalSection
	GlobalSection(ProjectConfigurationPlatforms) = postSolution
		{4A065407-887E-47FE-8907-F527684FC217}.Debug|Any CPU.ActiveCfg = Debug|Any CPU
		{4A065407-887E-47FE-8907-F527684FC217}.Debug|Any CPU.Build.0 = Debug|Any CPU
		{4A065407-887E-47FE-8907-F527684FC217}.Release|Any CPU.ActiveCfg = Release|Any CPU
		{4A065407-887E-47FE-8907-F527684FC217}.Release|Any CPU.Build.0 = Release|Any CPU
	EndGlobalSection
	GlobalSection(SolutionProperties) = preSolution
		HideSolutionNode = FALSE
	EndGlobalSection
	GlobalSection(ExtensibilityGlobals) = postSolution
		SolutionGuid = {5E864DF2-1A2E-48A9-A57C-A1F4FAE29E46}
	EndGlobalSection
EndGlobal
